
Microsoft Visual Studio Solution File, Format Version 12.00
# Visual Studio Version 17
VisualStudioVersion = 17.5.002.0
MinimumVisualStudioVersion = 10.0.40219.1
Project("{9A19103F-16F7-4668-BE54-9A1E7A4F7556}") = "patterns", "patterns\patterns.csproj", "{2699FBC4-2A2D-4F2D-B6E8-914FF055120A}"
EndProject
Project("{9A19103F-16F7-4668-BE54-9A1E7A4F7556}") = "digits", "digits\digits.csproj", "{974C1657-FACE-44AD-B35B-57B81544EC6D}"
EndProject
Global
	GlobalSection(SolutionConfigurationPlatforms) = preSolution
		Debug|Any CPU = Debug|Any CPU
		Release|Any CPU = Release|Any CPU
	EndGlobalSection
	GlobalSection(ProjectConfigurationPlatforms) = postSolution
		{2699FBC4-2A2D-4F2D-B6E8-914FF055120A}.Debug|Any CPU.ActiveCfg = Debug|Any CPU
		{2699FBC4-2A2D-4F2D-B6E8-914FF055120A}.Debug|Any CPU.Build.0 = Debug|Any CPU
		{2699FBC4-2A2D-4F2D-B6E8-914FF055120A}.Release|Any CPU.ActiveCfg = Release|Any CPU
		{2699FBC4-2A2D-4F2D-B6E8-914FF055120A}.Release|Any CPU.Build.0 = Release|Any CPU
		{974C1657-FACE-44AD-B35B-57B81544EC6D}.Debug|Any CPU.ActiveCfg = Debug|Any CPU
		{974C1657-FACE-44AD-B35B-57B81544EC6D}.Debug|Any CPU.Build.0 = Debug|Any CPU
		{974C1657-FACE-44AD-B35B-57B81544EC6D}.Release|Any CPU.ActiveCfg = Release|Any CPU
		{974C1657-FACE-44AD-B35B-57B81544EC6D}.Release|Any CPU.Build.0 = Release|Any CPU
	EndGlobalSection
	GlobalSection(SolutionProperties) = preSolution
		HideSolutionNode = FALSE
	EndGlobalSection
	GlobalSection(ExtensibilityGlobals) = postSolution
		SolutionGuid = {74594337-6C5B-4FF2-AAE6-43971458090C}
	EndGlobalSection
EndGlobal
